
Microsoft Visual Studio Solution File, Format Version 12.00
# Visual Studio Version 16
VisualStudioVersion = 16.0.29609.76
MinimumVisualStudioVersion = 10.0.40219.1
Project("{9A19103F-16F7-4668-BE54-9A1E7A4F7556}") = "PieceOfCake.Api", "PieceOfCake\PieceOfCake.Api.csproj", "{1A44E005-156A-4BFB-915F-358AD24CC0DC}"
EndProject
Project("{9A19103F-16F7-4668-BE54-9A1E7A4F7556}") = "PieceOfCake.Core", "PieceOfCake.Core\PieceOfCake.Core.csproj", "{703B0F3D-7D20-4851-9131-C14321B28E6F}"
EndProject
Project("{9A19103F-16F7-4668-BE54-9A1E7A4F7556}") = "PieceOfCake.Persistence", "PieceOfCake.Persistence\PieceOfCake.Persistence.csproj", "{C080E01A-A86F-4F91-85EB-F045159F61E6}"
EndProject
Project("{9A19103F-16F7-4668-BE54-9A1E7A4F7556}") = "PieceOfCake.UnitTests", "PieceOfCake.UnitTests\PieceOfCake.UnitTests.csproj", "{37C81BBC-6D31-40E8-9E4A-8E785915976F}"
EndProject
Project("{2150E333-8FDC-42A3-9474-1A3956D46DE8}") = "Solution Items", "Solution Items", "{5CE40CCE-9316-4F9C-B3B3-9D2DA71FC68F}"
	ProjectSection(SolutionItems) = preProject
		.editorconfig = .editorconfig
	EndProjectSection
EndProject
Project("{9A19103F-16F7-4668-BE54-9A1E7A4F7556}") = "PieceOfCake.BlazorApp", "PieceOfCake.BlazorApp\PieceOfCake.BlazorApp.csproj", "{3076FE6C-F71E-4CA9-A9B3-41BD111A2FFD}"
EndProject
Project("{9A19103F-16F7-4668-BE54-9A1E7A4F7556}") = "PieceOfCake.Shared", "PieceOfCake.Shared\PieceOfCake.Shared.csproj", "{79304C4C-517C-420B-9B9F-7CC066A2DF68}"
EndProject
Project("{9A19103F-16F7-4668-BE54-9A1E7A4F7556}") = "PieceOfCake.IDP", "PieceOfCake.IDP\PieceOfCake.IDP.csproj", "{1AE99D78-2FA0-421B-A8BD-3E0C4C277C2C}"
EndProject
Global
	GlobalSection(SolutionConfigurationPlatforms) = preSolution
		Debug|Any CPU = Debug|Any CPU
		Release|Any CPU = Release|Any CPU
	EndGlobalSection
	GlobalSection(ProjectConfigurationPlatforms) = postSolution
		{1A44E005-156A-4BFB-915F-358AD24CC0DC}.Debug|Any CPU.ActiveCfg = Debug|Any CPU
		{1A44E005-156A-4BFB-915F-358AD24CC0DC}.Debug|Any CPU.Build.0 = Debug|Any CPU
		{1A44E005-156A-4BFB-915F-358AD24CC0DC}.Release|Any CPU.ActiveCfg = Release|Any CPU
		{1A44E005-156A-4BFB-915F-358AD24CC0DC}.Release|Any CPU.Build.0 = Release|Any CPU
		{703B0F3D-7D20-4851-9131-C14321B28E6F}.Debug|Any CPU.ActiveCfg = Debug|Any CPU
		{703B0F3D-7D20-4851-9131-C14321B28E6F}.Debug|Any CPU.Build.0 = Debug|Any CPU
		{703B0F3D-7D20-4851-9131-C14321B28E6F}.Release|Any CPU.ActiveCfg = Release|Any CPU
		{703B0F3D-7D20-4851-9131-C14321B28E6F}.Release|Any CPU.Build.0 = Release|Any CPU
		{C080E01A-A86F-4F91-85EB-F045159F61E6}.Debug|Any CPU.ActiveCfg = Debug|Any CPU
		{C080E01A-A86F-4F91-85EB-F045159F61E6}.Debug|Any CPU.Build.0 = Debug|Any CPU
		{C080E01A-A86F-4F91-85EB-F045159F61E6}.Release|Any CPU.ActiveCfg = Release|Any CPU
		{C080E01A-A86F-4F91-85EB-F045159F61E6}.Release|Any CPU.Build.0 = Release|Any CPU
		{37C81BBC-6D31-40E8-9E4A-8E785915976F}.Debug|Any CPU.ActiveCfg = Debug|Any CPU
		{37C81BBC-6D31-40E8-9E4A-8E785915976F}.Debug|Any CPU.Build.0 = Debug|Any CPU
		{37C81BBC-6D31-40E8-9E4A-8E785915976F}.Release|Any CPU.ActiveCfg = Release|Any CPU
		{37C81BBC-6D31-40E8-9E4A-8E785915976F}.Release|Any CPU.Build.0 = Release|Any CPU
		{3076FE6C-F71E-4CA9-A9B3-41BD111A2FFD}.Debug|Any CPU.ActiveCfg = Debug|Any CPU
		{3076FE6C-F71E-4CA9-A9B3-41BD111A2FFD}.Debug|Any CPU.Build.0 = Debug|Any CPU
		{3076FE6C-F71E-4CA9-A9B3-41BD111A2FFD}.Release|Any CPU.ActiveCfg = Release|Any CPU
		{3076FE6C-F71E-4CA9-A9B3-41BD111A2FFD}.Release|Any CPU.Build.0 = Release|Any CPU
		{79304C4C-517C-420B-9B9F-7CC066A2DF68}.Debug|Any CPU.ActiveCfg = Debug|Any CPU
		{79304C4C-517C-420B-9B9F-7CC066A2DF68}.Debug|Any CPU.Build.0 = Debug|Any CPU
		{79304C4C-517C-420B-9B9F-7CC066A2DF68}.Release|Any CPU.ActiveCfg = Release|Any CPU
		{79304C4C-517C-420B-9B9F-7CC066A2DF68}.Release|Any CPU.Build.0 = Release|Any CPU
		{1AE99D78-2FA0-421B-A8BD-3E0C4C277C2C}.Debug|Any CPU.ActiveCfg = Debug|Any CPU
		{1AE99D78-2FA0-421B-A8BD-3E0C4C277C2C}.Debug|Any CPU.Build.0 = Debug|Any CPU
		{1AE99D78-2FA0-421B-A8BD-3E0C4C277C2C}.Release|Any CPU.ActiveCfg = Release|Any CPU
		{1AE99D78-2FA0-421B-A8BD-3E0C4C277C2C}.Release|Any CPU.Build.0 = Release|Any CPU
	EndGlobalSection
	GlobalSection(SolutionProperties) = preSolution
		HideSolutionNode = FALSE
	EndGlobalSection
	GlobalSection(ExtensibilityGlobals) = postSolution
		SolutionGuid = {A6782E25-1A20-4E76-89DF-BED09354C066}
	EndGlobalSection
EndGlobal
